// !$*UTF8*$!
{
	archiveVersion = 1;
	classes = {
	};
	objectVersion = 50;
	objects = {

/* Begin PBXBuildFile section */
		D935F77C24768C8B00A9AF87 /* LikeControl.swift in Sources */ = {isa = PBXBuildFile; fileRef = D935F77B24768C8B00A9AF87 /* LikeControl.swift */; };
		D941A5772481180500092CC0 /* LoadingAnimationView.swift in Sources */ = {isa = PBXBuildFile; fileRef = D941A5762481180500092CC0 /* LoadingAnimationView.swift */; };
		D96DF50524557A47005CC3BA /* AppDelegate.swift in Sources */ = {isa = PBXBuildFile; fileRef = D96DF50424557A47005CC3BA /* AppDelegate.swift */; };
		D96DF50724557A47005CC3BA /* SceneDelegate.swift in Sources */ = {isa = PBXBuildFile; fileRef = D96DF50624557A47005CC3BA /* SceneDelegate.swift */; };
		D96DF50C24557A47005CC3BA /* Main.storyboard in Resources */ = {isa = PBXBuildFile; fileRef = D96DF50A24557A47005CC3BA /* Main.storyboard */; };
		D96DF50E24557A4B005CC3BA /* Assets.xcassets in Resources */ = {isa = PBXBuildFile; fileRef = D96DF50D24557A4B005CC3BA /* Assets.xcassets */; };
		D96DF51124557A4B005CC3BA /* LaunchScreen.storyboard in Resources */ = {isa = PBXBuildFile; fileRef = D96DF50F24557A4B005CC3BA /* LaunchScreen.storyboard */; };
		D96DF5192455BF19005CC3BA /* LoginFormController.swift in Sources */ = {isa = PBXBuildFile; fileRef = D96DF5182455BF19005CC3BA /* LoginFormController.swift */; };
		D97587F3247C534400782638 /* NewsTableViewController.swift in Sources */ = {isa = PBXBuildFile; fileRef = D97587F2247C534400782638 /* NewsTableViewController.swift */; };
		D97587F5247C535800782638 /* NewsTableViewCell.swift in Sources */ = {isa = PBXBuildFile; fileRef = D97587F4247C535800782638 /* NewsTableViewCell.swift */; };
		D98FD8E5246DCF0E0080057D /* PhotosFriendCollectionViewController.swift in Sources */ = {isa = PBXBuildFile; fileRef = D98FD8E4246DCF0E0080057D /* PhotosFriendCollectionViewController.swift */; };
		D98FD8E7246DCF3E0080057D /* PhotosFriendCollectionViewCell.swift in Sources */ = {isa = PBXBuildFile; fileRef = D98FD8E6246DCF3E0080057D /* PhotosFriendCollectionViewCell.swift */; };
		D98FD8E9246DD3DC0080057D /* GroupTableViewController.swift in Sources */ = {isa = PBXBuildFile; fileRef = D98FD8E8246DD3DC0080057D /* GroupTableViewController.swift */; };
		D98FD8EB246DD4270080057D /* GroupTableViewCell.swift in Sources */ = {isa = PBXBuildFile; fileRef = D98FD8EA246DD4270080057D /* GroupTableViewCell.swift */; };
		D98FD8ED246E818B0080057D /* NewGroupTableViewController.swift in Sources */ = {isa = PBXBuildFile; fileRef = D98FD8EC246E818B0080057D /* NewGroupTableViewController.swift */; };
		D98FD8EF246E81A10080057D /* NewGroupTableViewCell.swift in Sources */ = {isa = PBXBuildFile; fileRef = D98FD8EE246E81A10080057D /* NewGroupTableViewCell.swift */; };
		D9A5DAC324C5E237006D3E55 /* Friends.swift in Sources */ = {isa = PBXBuildFile; fileRef = D9A5DAC224C5E237006D3E55 /* Friends.swift */; };
		D9A5DAC524C5E325006D3E55 /* Groups.swift in Sources */ = {isa = PBXBuildFile; fileRef = D9A5DAC424C5E325006D3E55 /* Groups.swift */; };
		D9D11C8724C7334600525073 /* PostNews.swift in Sources */ = {isa = PBXBuildFile; fileRef = D9D11C8624C7334600525073 /* PostNews.swift */; };
		D9D11C8924C86FC000525073 /* FriendsTableViewController.swift in Sources */ = {isa = PBXBuildFile; fileRef = D9D11C8824C86FC000525073 /* FriendsTableViewController.swift */; };
		D9DC48EB2485232800251429 /* CloudAnimationView.swift in Sources */ = {isa = PBXBuildFile; fileRef = D9DC48EA2485232800251429 /* CloudAnimationView.swift */; };
		D9DC48ED2485937A00251429 /* FriendsPhotosViewController.swift in Sources */ = {isa = PBXBuildFile; fileRef = D9DC48EC2485937A00251429 /* FriendsPhotosViewController.swift */; };
		D9E13E2124CAEB3E00370B7E /* Session.swift in Sources */ = {isa = PBXBuildFile; fileRef = D9E13E2024CAEB3E00370B7E /* Session.swift */; };
		D9F871DF2477D331000E8684 /* AvatarsView.swift in Sources */ = {isa = PBXBuildFile; fileRef = D9F871DE2477D331000E8684 /* AvatarsView.swift */; };
		D9FB6E14246D781700F16C31 /* FriendsTableViewCell.swift in Sources */ = {isa = PBXBuildFile; fileRef = D9FB6E13246D781700F16C31 /* FriendsTableViewCell.swift */; };
		D9FB6E17246D7CE600F16C31 /* FriendTableViewController0.swift in Sources */ = {isa = PBXBuildFile; fileRef = D9FB6E16246D7CE600F16C31 /* FriendTableViewController0.swift */; };
		D9FC1D5B2489392700AC8217 /* CustomNavigationController.swift in Sources */ = {isa = PBXBuildFile; fileRef = D9FC1D5A2489392700AC8217 /* CustomNavigationController.swift */; };
/* End PBXBuildFile section */

/* Begin PBXFileReference section */
		D935F77B24768C8B00A9AF87 /* LikeControl.swift */ = {isa = PBXFileReference; lastKnownFileType = sourcecode.swift; path = LikeControl.swift; sourceTree = "<group>"; };
		D941A5762481180500092CC0 /* LoadingAnimationView.swift */ = {isa = PBXFileReference; lastKnownFileType = sourcecode.swift; path = LoadingAnimationView.swift; sourceTree = "<group>"; };
		D96DF50124557A47005CC3BA /* Client VK.app */ = {isa = PBXFileReference; explicitFileType = wrapper.application; includeInIndex = 0; path = "Client VK.app"; sourceTree = BUILT_PRODUCTS_DIR; };
		D96DF50424557A47005CC3BA /* AppDelegate.swift */ = {isa = PBXFileReference; lastKnownFileType = sourcecode.swift; path = AppDelegate.swift; sourceTree = "<group>"; };
		D96DF50624557A47005CC3BA /* SceneDelegate.swift */ = {isa = PBXFileReference; lastKnownFileType = sourcecode.swift; path = SceneDelegate.swift; sourceTree = "<group>"; };
		D96DF50B24557A47005CC3BA /* Base */ = {isa = PBXFileReference; lastKnownFileType = file.storyboard; name = Base; path = Base.lproj/Main.storyboard; sourceTree = "<group>"; };
		D96DF50D24557A4B005CC3BA /* Assets.xcassets */ = {isa = PBXFileReference; lastKnownFileType = folder.assetcatalog; path = Assets.xcassets; sourceTree = "<group>"; };
		D96DF51024557A4B005CC3BA /* Base */ = {isa = PBXFileReference; lastKnownFileType = file.storyboard; name = Base; path = Base.lproj/LaunchScreen.storyboard; sourceTree = "<group>"; };
		D96DF51224557A4B005CC3BA /* Info.plist */ = {isa = PBXFileReference; lastKnownFileType = text.plist.xml; path = Info.plist; sourceTree = "<group>"; };
		D96DF5182455BF19005CC3BA /* LoginFormController.swift */ = {isa = PBXFileReference; lastKnownFileType = sourcecode.swift; path = LoginFormController.swift; sourceTree = "<group>"; };
		D97587F2247C534400782638 /* NewsTableViewController.swift */ = {isa = PBXFileReference; lastKnownFileType = sourcecode.swift; path = NewsTableViewController.swift; sourceTree = "<group>"; };
		D97587F4247C535800782638 /* NewsTableViewCell.swift */ = {isa = PBXFileReference; lastKnownFileType = sourcecode.swift; path = NewsTableViewCell.swift; sourceTree = "<group>"; };
		D98FD8E4246DCF0E0080057D /* PhotosFriendCollectionViewController.swift */ = {isa = PBXFileReference; lastKnownFileType = sourcecode.swift; path = PhotosFriendCollectionViewController.swift; sourceTree = "<group>"; };
		D98FD8E6246DCF3E0080057D /* PhotosFriendCollectionViewCell.swift */ = {isa = PBXFileReference; lastKnownFileType = sourcecode.swift; path = PhotosFriendCollectionViewCell.swift; sourceTree = "<group>"; };
		D98FD8E8246DD3DC0080057D /* GroupTableViewController.swift */ = {isa = PBXFileReference; lastKnownFileType = sourcecode.swift; path = GroupTableViewController.swift; sourceTree = "<group>"; };
		D98FD8EA246DD4270080057D /* GroupTableViewCell.swift */ = {isa = PBXFileReference; lastKnownFileType = sourcecode.swift; path = GroupTableViewCell.swift; sourceTree = "<group>"; };
		D98FD8EC246E818B0080057D /* NewGroupTableViewController.swift */ = {isa = PBXFileReference; lastKnownFileType = sourcecode.swift; path = NewGroupTableViewController.swift; sourceTree = "<group>"; };
		D98FD8EE246E81A10080057D /* NewGroupTableViewCell.swift */ = {isa = PBXFileReference; lastKnownFileType = sourcecode.swift; path = NewGroupTableViewCell.swift; sourceTree = "<group>"; };
		D9A5DAC224C5E237006D3E55 /* Friends.swift */ = {isa = PBXFileReference; lastKnownFileType = sourcecode.swift; path = Friends.swift; sourceTree = "<group>"; };
		D9A5DAC424C5E325006D3E55 /* Groups.swift */ = {isa = PBXFileReference; lastKnownFileType = sourcecode.swift; path = Groups.swift; sourceTree = "<group>"; };
		D9D11C8624C7334600525073 /* PostNews.swift */ = {isa = PBXFileReference; lastKnownFileType = sourcecode.swift; path = PostNews.swift; sourceTree = "<group>"; };
		D9D11C8824C86FC000525073 /* FriendsTableViewController.swift */ = {isa = PBXFileReference; lastKnownFileType = sourcecode.swift; path = FriendsTableViewController.swift; sourceTree = "<group>"; };
		D9DC48EA2485232800251429 /* CloudAnimationView.swift */ = {isa = PBXFileReference; lastKnownFileType = sourcecode.swift; path = CloudAnimationView.swift; sourceTree = "<group>"; };
		D9DC48EC2485937A00251429 /* FriendsPhotosViewController.swift */ = {isa = PBXFileReference; lastKnownFileType = sourcecode.swift; path = FriendsPhotosViewController.swift; sourceTree = "<group>"; };
		D9E13E2024CAEB3E00370B7E /* Session.swift */ = {isa = PBXFileReference; lastKnownFileType = sourcecode.swift; path = Session.swift; sourceTree = "<group>"; };
		D9F871DE2477D331000E8684 /* AvatarsView.swift */ = {isa = PBXFileReference; lastKnownFileType = sourcecode.swift; path = AvatarsView.swift; sourceTree = "<group>"; };
		D9FB6E13246D781700F16C31 /* FriendsTableViewCell.swift */ = {isa = PBXFileReference; lastKnownFileType = sourcecode.swift; path = FriendsTableViewCell.swift; sourceTree = "<group>"; };
		D9FB6E16246D7CE600F16C31 /* FriendTableViewController0.swift */ = {isa = PBXFileReference; lastKnownFileType = sourcecode.swift; path = FriendTableViewController0.swift; sourceTree = "<group>"; };
		D9FC1D5A2489392700AC8217 /* CustomNavigationController.swift */ = {isa = PBXFileReference; lastKnownFileType = sourcecode.swift; path = CustomNavigationController.swift; sourceTree = "<group>"; };
/* End PBXFileReference section */

/* Begin PBXFrameworksBuildPhase section */
		D96DF4FE24557A47005CC3BA /* Frameworks */ = {
			isa = PBXFrameworksBuildPhase;
			buildActionMask = 2147483647;
			files = (
			);
			runOnlyForDeploymentPostprocessing = 0;
		};
/* End PBXFrameworksBuildPhase section */

/* Begin PBXGroup section */
		D96DF4F824557A47005CC3BA = {
			isa = PBXGroup;
			children = (
				D96DF50324557A47005CC3BA /* Client VK */,
				D96DF50224557A47005CC3BA /* Products */,
			);
			sourceTree = "<group>";
		};
		D96DF50224557A47005CC3BA /* Products */ = {
			isa = PBXGroup;
			children = (
				D96DF50124557A47005CC3BA /* Client VK.app */,
			);
			name = Products;
			sourceTree = "<group>";
		};
		D96DF50324557A47005CC3BA /* Client VK */ = {
			isa = PBXGroup;
			children = (
				D96DF50A24557A47005CC3BA /* Main.storyboard */,
				D96DF50F24557A4B005CC3BA /* LaunchScreen.storyboard */,
				D96DF5182455BF19005CC3BA /* LoginFormController.swift */,
				D96DF50424557A47005CC3BA /* AppDelegate.swift */,
				D96DF50624557A47005CC3BA /* SceneDelegate.swift */,
				D96DF51224557A4B005CC3BA /* Info.plist */,
				D96DF50D24557A4B005CC3BA /* Assets.xcassets */,
				D9A5DAC124C5E21E006D3E55 /* Models */,
				D97587EF247C52DE00782638 /* Friends */,
				D9F871E7247B0EC6000E8684 /* Groups */,
				D97587F1247C532800782638 /* News */,
				D9FB6E15246D7CAE00F16C31 /* Views */,
				D9FC1D59248938C000AC8217 /* CustomControllers */,
				D97587F0247C530600782638 /* old files */,
			);
			path = "Client VK";
			sourceTree = "<group>";
		};
		D97587EF247C52DE00782638 /* Friends */ = {
			isa = PBXGroup;
			children = (
				D9D11C8824C86FC000525073 /* FriendsTableViewController.swift */,
				D9FB6E13246D781700F16C31 /* FriendsTableViewCell.swift */,
				D98FD8E4246DCF0E0080057D /* PhotosFriendCollectionViewController.swift */,
				D98FD8E6246DCF3E0080057D /* PhotosFriendCollectionViewCell.swift */,
				D9DC48EC2485937A00251429 /* FriendsPhotosViewController.swift */,
			);
			path = Friends;
			sourceTree = "<group>";
		};
		D97587F0247C530600782638 /* old files */ = {
			isa = PBXGroup;
			children = (
				D9FB6E16246D7CE600F16C31 /* FriendTableViewController0.swift */,
			);
			path = "old files";
			sourceTree = "<group>";
		};
		D97587F1247C532800782638 /* News */ = {
			isa = PBXGroup;
			children = (
				D97587F2247C534400782638 /* NewsTableViewController.swift */,
				D97587F4247C535800782638 /* NewsTableViewCell.swift */,
			);
			path = News;
			sourceTree = "<group>";
		};
		D9A5DAC124C5E21E006D3E55 /* Models */ = {
			isa = PBXGroup;
			children = (
				D9A5DAC224C5E237006D3E55 /* Friends.swift */,
				D9A5DAC424C5E325006D3E55 /* Groups.swift */,
				D9D11C8624C7334600525073 /* PostNews.swift */,
				D9E13E2024CAEB3E00370B7E /* Session.swift */,
			);
			path = Models;
			sourceTree = "<group>";
		};
		D9F871E7247B0EC6000E8684 /* Groups */ = {
			isa = PBXGroup;
			children = (
				D98FD8E8246DD3DC0080057D /* GroupTableViewController.swift */,
				D98FD8EA246DD4270080057D /* GroupTableViewCell.swift */,
				D98FD8EC246E818B0080057D /* NewGroupTableViewController.swift */,
				D98FD8EE246E81A10080057D /* NewGroupTableViewCell.swift */,
			);
			path = Groups;
			sourceTree = "<group>";
		};
		D9FB6E15246D7CAE00F16C31 /* Views */ = {
			isa = PBXGroup;
			children = (
				D935F77B24768C8B00A9AF87 /* LikeControl.swift */,
				D9F871DE2477D331000E8684 /* AvatarsView.swift */,
				D941A5762481180500092CC0 /* LoadingAnimationView.swift */,
				D9DC48EA2485232800251429 /* CloudAnimationView.swift */,
			);
			path = Views;
			sourceTree = "<group>";
		};
		D9FC1D59248938C000AC8217 /* CustomControllers */ = {
			isa = PBXGroup;
			children = (
				D9FC1D5A2489392700AC8217 /* CustomNavigationController.swift */,
			);
			path = CustomControllers;
			sourceTree = "<group>";
		};
/* End PBXGroup section */

/* Begin PBXNativeTarget section */
		D96DF50024557A47005CC3BA /* Client VK */ = {
			isa = PBXNativeTarget;
			buildConfigurationList = D96DF51524557A4B005CC3BA /* Build configuration list for PBXNativeTarget "Client VK" */;
			buildPhases = (
				D96DF4FD24557A47005CC3BA /* Sources */,
				D96DF4FE24557A47005CC3BA /* Frameworks */,
				D96DF4FF24557A47005CC3BA /* Resources */,
			);
			buildRules = (
			);
			dependencies = (
			);
			name = "Client VK";
			productName = "Client VK";
			productReference = D96DF50124557A47005CC3BA /* Client VK.app */;
			productType = "com.apple.product-type.application";
		};
/* End PBXNativeTarget section */

/* Begin PBXProject section */
		D96DF4F924557A47005CC3BA /* Project object */ = {
			isa = PBXProject;
			attributes = {
				LastSwiftUpdateCheck = 1140;
				LastUpgradeCheck = 1140;
				ORGANIZATIONNAME = "Vasily Petuhov";
				TargetAttributes = {
					D96DF50024557A47005CC3BA = {
						CreatedOnToolsVersion = 11.4.1;
					};
				};
			};
			buildConfigurationList = D96DF4FC24557A47005CC3BA /* Build configuration list for PBXProject "Client VK" */;
			compatibilityVersion = "Xcode 9.3";
			developmentRegion = en;
			hasScannedForEncodings = 0;
			knownRegions = (
				en,
				Base,
			);
			mainGroup = D96DF4F824557A47005CC3BA;
			productRefGroup = D96DF50224557A47005CC3BA /* Products */;
			projectDirPath = "";
			projectRoot = "";
			targets = (
				D96DF50024557A47005CC3BA /* Client VK */,
			);
		};
/* End PBXProject section */

/* Begin PBXResourcesBuildPhase section */
		D96DF4FF24557A47005CC3BA /* Resources */ = {
			isa = PBXResourcesBuildPhase;
			buildActionMask = 2147483647;
			files = (
				D96DF51124557A4B005CC3BA /* LaunchScreen.storyboard in Resources */,
				D96DF50E24557A4B005CC3BA /* Assets.xcassets in Resources */,
				D96DF50C24557A47005CC3BA /* Main.storyboard in Resources */,
			);
			runOnlyForDeploymentPostprocessing = 0;
		};
/* End PBXResourcesBuildPhase section */

/* Begin PBXSourcesBuildPhase section */
		D96DF4FD24557A47005CC3BA /* Sources */ = {
			isa = PBXSourcesBuildPhase;
			buildActionMask = 2147483647;
			files = (
				D9D11C8724C7334600525073 /* PostNews.swift in Sources */,
				D98FD8EB246DD4270080057D /* GroupTableViewCell.swift in Sources */,
				D935F77C24768C8B00A9AF87 /* LikeControl.swift in Sources */,
				D9D11C8924C86FC000525073 /* FriendsTableViewController.swift in Sources */,
				D96DF5192455BF19005CC3BA /* LoginFormController.swift in Sources */,
				D9A5DAC324C5E237006D3E55 /* Friends.swift in Sources */,
				D98FD8ED246E818B0080057D /* NewGroupTableViewController.swift in Sources */,
				D9FB6E17246D7CE600F16C31 /* FriendTableViewController0.swift in Sources */,
				D9FC1D5B2489392700AC8217 /* CustomNavigationController.swift in Sources */,
				D941A5772481180500092CC0 /* LoadingAnimationView.swift in Sources */,
				D9F871DF2477D331000E8684 /* AvatarsView.swift in Sources */,
				D9DC48EB2485232800251429 /* CloudAnimationView.swift in Sources */,
				D96DF50524557A47005CC3BA /* AppDelegate.swift in Sources */,
				D96DF50724557A47005CC3BA /* SceneDelegate.swift in Sources */,
				D9FB6E14246D781700F16C31 /* FriendsTableViewCell.swift in Sources */,
				D98FD8E9246DD3DC0080057D /* GroupTableViewController.swift in Sources */,
				D97587F3247C534400782638 /* NewsTableViewController.swift in Sources */,
				D98FD8E7246DCF3E0080057D /* PhotosFriendCollectionViewCell.swift in Sources */,
				D97587F5247C535800782638 /* NewsTableViewCell.swift in Sources */,
				D9DC48ED2485937A00251429 /* FriendsPhotosViewController.swift in Sources */,
				D9E13E2124CAEB3E00370B7E /* Session.swift in Sources */,
				D98FD8EF246E81A10080057D /* NewGroupTableViewCell.swift in Sources */,
				D98FD8E5246DCF0E0080057D /* PhotosFriendCollectionViewController.swift in Sources */,
				D9A5DAC524C5E325006D3E55 /* Groups.swift in Sources */,
			);
			runOnlyForDeploymentPostprocessing = 0;
		};
/* End PBXSourcesBuildPhase section */

/* Begin PBXVariantGroup section */
		D96DF50A24557A47005CC3BA /* Main.storyboard */ = {
			isa = PBXVariantGroup;
			children = (
				D96DF50B24557A47005CC3BA /* Base */,
			);
			name = Main.storyboard;
			sourceTree = "<group>";
		};
		D96DF50F24557A4B005CC3BA /* LaunchScreen.storyboard */ = {
			isa = PBXVariantGroup;
			children = (
				D96DF51024557A4B005CC3BA /* Base */,
			);
			name = LaunchScreen.storyboard;
			sourceTree = "<group>";
		};
/* End PBXVariantGroup section */

/* Begin XCBuildConfiguration section */
		D96DF51324557A4B005CC3BA /* Debug */ = {
			isa = XCBuildConfiguration;
			buildSettings = {
				ALWAYS_SEARCH_USER_PATHS = NO;
				CLANG_ANALYZER_NONNULL = YES;
				CLANG_ANALYZER_NUMBER_OBJECT_CONVERSION = YES_AGGRESSIVE;
				CLANG_CXX_LANGUAGE_STANDARD = "gnu++14";
				CLANG_CXX_LIBRARY = "libc++";
				CLANG_ENABLE_MODULES = YES;
				CLANG_ENABLE_OBJC_ARC = YES;
				CLANG_ENABLE_OBJC_WEAK = YES;
				CLANG_WARN_BLOCK_CAPTURE_AUTORELEASING = YES;
				CLANG_WARN_BOOL_CONVERSION = YES;
				CLANG_WARN_COMMA = YES;
				CLANG_WARN_CONSTANT_CONVERSION = YES;
				CLANG_WARN_DEPRECATED_OBJC_IMPLEMENTATIONS = YES;
				CLANG_WARN_DIRECT_OBJC_ISA_USAGE = YES_ERROR;
				CLANG_WARN_DOCUMENTATION_COMMENTS = YES;
				CLANG_WARN_EMPTY_BODY = YES;
				CLANG_WARN_ENUM_CONVERSION = YES;
				CLANG_WARN_INFINITE_RECURSION = YES;
				CLANG_WARN_INT_CONVERSION = YES;
				CLANG_WARN_NON_LITERAL_NULL_CONVERSION = YES;
				CLANG_WARN_OBJC_IMPLICIT_RETAIN_SELF = YES;
				CLANG_WARN_OBJC_LITERAL_CONVERSION = YES;
				CLANG_WARN_OBJC_ROOT_CLASS = YES_ERROR;
				CLANG_WARN_RANGE_LOOP_ANALYSIS = YES;
				CLANG_WARN_STRICT_PROTOTYPES = YES;
				CLANG_WARN_SUSPICIOUS_MOVE = YES;
				CLANG_WARN_UNGUARDED_AVAILABILITY = YES_AGGRESSIVE;
				CLANG_WARN_UNREACHABLE_CODE = YES;
				CLANG_WARN__DUPLICATE_METHOD_MATCH = YES;
				COPY_PHASE_STRIP = NO;
				DEBUG_INFORMATION_FORMAT = dwarf;
				ENABLE_STRICT_OBJC_MSGSEND = YES;
				ENABLE_TESTABILITY = YES;
				GCC_C_LANGUAGE_STANDARD = gnu11;
				GCC_DYNAMIC_NO_PIC = NO;
				GCC_NO_COMMON_BLOCKS = YES;
				GCC_OPTIMIZATION_LEVEL = 0;
				GCC_PREPROCESSOR_DEFINITIONS = (
					"DEBUG=1",
					"$(inherited)",
				);
				GCC_WARN_64_TO_32_BIT_CONVERSION = YES;
				GCC_WARN_ABOUT_RETURN_TYPE = YES_ERROR;
				GCC_WARN_UNDECLARED_SELECTOR = YES;
				GCC_WARN_UNINITIALIZED_AUTOS = YES_AGGRESSIVE;
				GCC_WARN_UNUSED_FUNCTION = YES;
				GCC_WARN_UNUSED_VARIABLE = YES;
				IPHONEOS_DEPLOYMENT_TARGET = 13.4;
				MTL_ENABLE_DEBUG_INFO = INCLUDE_SOURCE;
				MTL_FAST_MATH = YES;
				ONLY_ACTIVE_ARCH = YES;
				SDKROOT = iphoneos;
				SWIFT_ACTIVE_COMPILATION_CONDITIONS = DEBUG;
				SWIFT_OPTIMIZATION_LEVEL = "-Onone";
			};
			name = Debug;
		};
		D96DF51424557A4B005CC3BA /* Release */ = {
			isa = XCBuildConfiguration;
			buildSettings = {
				ALWAYS_SEARCH_USER_PATHS = NO;
				CLANG_ANALYZER_NONNULL = YES;
				CLANG_ANALYZER_NUMBER_OBJECT_CONVERSION = YES_AGGRESSIVE;
				CLANG_CXX_LANGUAGE_STANDARD = "gnu++14";
				CLANG_CXX_LIBRARY = "libc++";
				CLANG_ENABLE_MODULES = YES;
				CLANG_ENABLE_OBJC_ARC = YES;
				CLANG_ENABLE_OBJC_WEAK = YES;
				CLANG_WARN_BLOCK_CAPTURE_AUTORELEASING = YES;
				CLANG_WARN_BOOL_CONVERSION = YES;
				CLANG_WARN_COMMA = YES;
				CLANG_WARN_CONSTANT_CONVERSION = YES;
				CLANG_WARN_DEPRECATED_OBJC_IMPLEMENTATIONS = YES;
				CLANG_WARN_DIRECT_OBJC_ISA_USAGE = YES_ERROR;
				CLANG_WARN_DOCUMENTATION_COMMENTS = YES;
				CLANG_WARN_EMPTY_BODY = YES;
				CLANG_WARN_ENUM_CONVERSION = YES;
				CLANG_WARN_INFINITE_RECURSION = YES;
				CLANG_WARN_INT_CONVERSION = YES;
				CLANG_WARN_NON_LITERAL_NULL_CONVERSION = YES;
				CLANG_WARN_OBJC_IMPLICIT_RETAIN_SELF = YES;
				CLANG_WARN_OBJC_LITERAL_CONVERSION = YES;
				CLANG_WARN_OBJC_ROOT_CLASS = YES_ERROR;
				CLANG_WARN_RANGE_LOOP_ANALYSIS = YES;
				CLANG_WARN_STRICT_PROTOTYPES = YES;
				CLANG_WARN_SUSPICIOUS_MOVE = YES;
				CLANG_WARN_UNGUARDED_AVAILABILITY = YES_AGGRESSIVE;
				CLANG_WARN_UNREACHABLE_CODE = YES;
				CLANG_WARN__DUPLICATE_METHOD_MATCH = YES;
				COPY_PHASE_STRIP = NO;
				DEBUG_INFORMATION_FORMAT = "dwarf-with-dsym";
				ENABLE_NS_ASSERTIONS = NO;
				ENABLE_STRICT_OBJC_MSGSEND = YES;
				GCC_C_LANGUAGE_STANDARD = gnu11;
				GCC_NO_COMMON_BLOCKS = YES;
				GCC_WARN_64_TO_32_BIT_CONVERSION = YES;
				GCC_WARN_ABOUT_RETURN_TYPE = YES_ERROR;
				GCC_WARN_UNDECLARED_SELECTOR = YES;
				GCC_WARN_UNINITIALIZED_AUTOS = YES_AGGRESSIVE;
				GCC_WARN_UNUSED_FUNCTION = YES;
				GCC_WARN_UNUSED_VARIABLE = YES;
				IPHONEOS_DEPLOYMENT_TARGET = 13.4;
				MTL_ENABLE_DEBUG_INFO = NO;
				MTL_FAST_MATH = YES;
				SDKROOT = iphoneos;
				SWIFT_COMPILATION_MODE = wholemodule;
				SWIFT_OPTIMIZATION_LEVEL = "-O";
				VALIDATE_PRODUCT = YES;
			};
			name = Release;
		};
		D96DF51624557A4B005CC3BA /* Debug */ = {
			isa = XCBuildConfiguration;
			buildSettings = {
				ASSETCATALOG_COMPILER_APPICON_NAME = AppIcon;
				CODE_SIGN_IDENTITY = "Apple Development";
				CODE_SIGN_STYLE = Automatic;
				DEVELOPMENT_TEAM = 55MCT9R6B9;
				INFOPLIST_FILE = "Client VK/Info.plist";
				LD_RUNPATH_SEARCH_PATHS = (
					"$(inherited)",
					"@executable_path/Frameworks",
				);
				PRODUCT_BUNDLE_IDENTIFIER = "com.VasPet.Client-VK";
				PRODUCT_NAME = "$(TARGET_NAME)";
				PROVISIONING_PROFILE_SPECIFIER = "";
				SWIFT_VERSION = 5.0;
				TARGETED_DEVICE_FAMILY = "1,2";
			};
			name = Debug;
		};
		D96DF51724557A4B005CC3BA /* Release */ = {
			isa = XCBuildConfiguration;
			buildSettings = {
				ASSETCATALOG_COMPILER_APPICON_NAME = AppIcon;
				CODE_SIGN_IDENTITY = "Apple Development";
				CODE_SIGN_STYLE = Automatic;
				DEVELOPMENT_TEAM = 55MCT9R6B9;
				INFOPLIST_FILE = "Client VK/Info.plist";
				LD_RUNPATH_SEARCH_PATHS = (
					"$(inherited)",
					"@executable_path/Frameworks",
				);
				PRODUCT_BUNDLE_IDENTIFIER = "com.VasPet.Client-VK";
				PRODUCT_NAME = "$(TARGET_NAME)";
				PROVISIONING_PROFILE_SPECIFIER = "";
				SWIFT_VERSION = 5.0;
				TARGETED_DEVICE_FAMILY = "1,2";
			};
			name = Release;
		};
/* End XCBuildConfiguration section */

/* Begin XCConfigurationList section */
		D96DF4FC24557A47005CC3BA /* Build configuration list for PBXProject "Client VK" */ = {
			isa = XCConfigurationList;
			buildConfigurations = (
				D96DF51324557A4B005CC3BA /* Debug */,
				D96DF51424557A4B005CC3BA /* Release */,
			);
			defaultConfigurationIsVisible = 0;
			defaultConfigurationName = Release;
		};
		D96DF51524557A4B005CC3BA /* Build configuration list for PBXNativeTarget "Client VK" */ = {
			isa = XCConfigurationList;
			buildConfigurations = (
				D96DF51624557A4B005CC3BA /* Debug */,
				D96DF51724557A4B005CC3BA /* Release */,
			);
			defaultConfigurationIsVisible = 0;
			defaultConfigurationName = Release;
		};
/* End XCConfigurationList section */
	};
	rootObject = D96DF4F924557A47005CC3BA /* Project object */;
}
